
Microsoft Visual Studio Solution File, Format Version 12.00
# Visual Studio Version 17
VisualStudioVersion = 17.13.35828.75 d17.13
MinimumVisualStudioVersion = 10.0.40219.1
Project("{FAE04EC0-301F-11D3-BF4B-00C04F79EFBC}") = "MaskElementsInView", "MaskElementsInView.csproj", "{ABB92DBE-F33D-45C9-8748-55168D840FE6}"
EndProject
Project("{2150E333-8FDC-42A3-9474-1A3956D46DE8}") = "Internal", "Internal", "{02EA681E-C7D8-13C7-8484-4AC65E1B71E8}"
EndProject
Project("{2150E333-8FDC-42A3-9474-1A3956D46DE8}") = "Code Analysis", "Code Analysis", "{CB1F8B76-F824-4965-92DA-D793180BA778}"
	ProjectSection(SolutionItems) = preProject
		Internal\Code Analysis\qaction-debug.ruleset = Internal\Code Analysis\qaction-debug.ruleset
		Internal\Code Analysis\qaction-release.ruleset = Internal\Code Analysis\qaction-release.ruleset
		Internal\Code Analysis\stylecop.json = Internal\Code Analysis\stylecop.json
	EndProjectSection
EndProject
Global
	GlobalSection(SolutionConfigurationPlatforms) = preSolution
		Debug|Any CPU = Debug|Any CPU
		Release|Any CPU = Release|Any CPU
	EndGlobalSection
	GlobalSection(ProjectConfigurationPlatforms) = postSolution
		{ABB92DBE-F33D-45C9-8748-55168D840FE6}.Debug|Any CPU.ActiveCfg = Debug|Any CPU
		{ABB92DBE-F33D-45C9-8748-55168D840FE6}.Debug|Any CPU.Build.0 = Debug|Any CPU
		{ABB92DBE-F33D-45C9-8748-55168D840FE6}.Release|Any CPU.ActiveCfg = Release|Any CPU
		{ABB92DBE-F33D-45C9-8748-55168D840FE6}.Release|Any CPU.Build.0 = Release|Any CPU
	EndGlobalSection
	GlobalSection(SolutionProperties) = preSolution
		HideSolutionNode = FALSE
	EndGlobalSection
	GlobalSection(NestedProjects) = preSolution
		{CB1F8B76-F824-4965-92DA-D793180BA778} = {02EA681E-C7D8-13C7-8484-4AC65E1B71E8}
	EndGlobalSection
	GlobalSection(ExtensibilityGlobals) = postSolution
		SolutionGuid = {9DF193C4-AF25-4994-AD1F-0D4C58A75903}
	EndGlobalSection
EndGlobal
